// !$*UTF8*$!
{
	archiveVersion = 1;
	classes = {
	};
	objectVersion = 50;
	objects = {

/* Begin PBXBuildFile section */
		DCA4B58E2615D1FF004E6B37 /* AppDelegate.swift in Sources */ = {isa = PBXBuildFile; fileRef = DCA4B58D2615D1FF004E6B37 /* AppDelegate.swift */; };
		DCA4B5902615D1FF004E6B37 /* SceneDelegate.swift in Sources */ = {isa = PBXBuildFile; fileRef = DCA4B58F2615D1FF004E6B37 /* SceneDelegate.swift */; };
		DCA4B5922615D1FF004E6B37 /* ViewController.swift in Sources */ = {isa = PBXBuildFile; fileRef = DCA4B5912615D1FF004E6B37 /* ViewController.swift */; };
		DCA4B5952615D1FF004E6B37 /* Main.storyboard in Resources */ = {isa = PBXBuildFile; fileRef = DCA4B5932615D1FF004E6B37 /* Main.storyboard */; };
		DCA4B5982615D1FF004E6B37 /* CurrencyConverter.xcdatamodeld in Sources */ = {isa = PBXBuildFile; fileRef = DCA4B5962615D1FF004E6B37 /* CurrencyConverter.xcdatamodeld */; };
		DCA4B59A2615D202004E6B37 /* Assets.xcassets in Resources */ = {isa = PBXBuildFile; fileRef = DCA4B5992615D202004E6B37 /* Assets.xcassets */; };
		DCA4B59D2615D202004E6B37 /* LaunchScreen.storyboard in Resources */ = {isa = PBXBuildFile; fileRef = DCA4B59B2615D202004E6B37 /* LaunchScreen.storyboard */; };
		DCA4B5A82615D202004E6B37 /* CurrencyConverterTests.swift in Sources */ = {isa = PBXBuildFile; fileRef = DCA4B5A72615D202004E6B37 /* CurrencyConverterTests.swift */; };
		DCA4B5B32615D202004E6B37 /* CurrencyConverterUITests.swift in Sources */ = {isa = PBXBuildFile; fileRef = DCA4B5B22615D202004E6B37 /* CurrencyConverterUITests.swift */; };
/* End PBXBuildFile section */

/* Begin PBXContainerItemProxy section */
		DCA4B5A42615D202004E6B37 /* PBXContainerItemProxy */ = {
			isa = PBXContainerItemProxy;
			containerPortal = DCA4B5822615D1FF004E6B37 /* Project object */;
			proxyType = 1;
			remoteGlobalIDString = DCA4B5892615D1FF004E6B37;
			remoteInfo = CurrencyConverter;
		};
		DCA4B5AF2615D202004E6B37 /* PBXContainerItemProxy */ = {
			isa = PBXContainerItemProxy;
			containerPortal = DCA4B5822615D1FF004E6B37 /* Project object */;
			proxyType = 1;
			remoteGlobalIDString = DCA4B5892615D1FF004E6B37;
			remoteInfo = CurrencyConverter;
		};
/* End PBXContainerItemProxy section */

/* Begin PBXFileReference section */
		DCA4B58A2615D1FF004E6B37 /* CurrencyConverter.app */ = {isa = PBXFileReference; explicitFileType = wrapper.application; includeInIndex = 0; path = CurrencyConverter.app; sourceTree = BUILT_PRODUCTS_DIR; };
		DCA4B58D2615D1FF004E6B37 /* AppDelegate.swift */ = {isa = PBXFileReference; lastKnownFileType = sourcecode.swift; path = AppDelegate.swift; sourceTree = "<group>"; };
		DCA4B58F2615D1FF004E6B37 /* SceneDelegate.swift */ = {isa = PBXFileReference; lastKnownFileType = sourcecode.swift; path = SceneDelegate.swift; sourceTree = "<group>"; };
		DCA4B5912615D1FF004E6B37 /* ViewController.swift */ = {isa = PBXFileReference; lastKnownFileType = sourcecode.swift; path = ViewController.swift; sourceTree = "<group>"; };
		DCA4B5942615D1FF004E6B37 /* Base */ = {isa = PBXFileReference; lastKnownFileType = file.storyboard; name = Base; path = Base.lproj/Main.storyboard; sourceTree = "<group>"; };
		DCA4B5972615D1FF004E6B37 /* CurrencyConverter.xcdatamodel */ = {isa = PBXFileReference; lastKnownFileType = wrapper.xcdatamodel; path = CurrencyConverter.xcdatamodel; sourceTree = "<group>"; };
		DCA4B5992615D202004E6B37 /* Assets.xcassets */ = {isa = PBXFileReference; lastKnownFileType = folder.assetcatalog; path = Assets.xcassets; sourceTree = "<group>"; };
		DCA4B59C2615D202004E6B37 /* Base */ = {isa = PBXFileReference; lastKnownFileType = file.storyboard; name = Base; path = Base.lproj/LaunchScreen.storyboard; sourceTree = "<group>"; };
		DCA4B59E2615D202004E6B37 /* Info.plist */ = {isa = PBXFileReference; lastKnownFileType = text.plist.xml; path = Info.plist; sourceTree = "<group>"; };
		DCA4B5A32615D202004E6B37 /* CurrencyConverterTests.xctest */ = {isa = PBXFileReference; explicitFileType = wrapper.cfbundle; includeInIndex = 0; path = CurrencyConverterTests.xctest; sourceTree = BUILT_PRODUCTS_DIR; };
		DCA4B5A72615D202004E6B37 /* CurrencyConverterTests.swift */ = {isa = PBXFileReference; lastKnownFileType = sourcecode.swift; path = CurrencyConverterTests.swift; sourceTree = "<group>"; };
		DCA4B5A92615D202004E6B37 /* Info.plist */ = {isa = PBXFileReference; lastKnownFileType = text.plist.xml; path = Info.plist; sourceTree = "<group>"; };
		DCA4B5AE2615D202004E6B37 /* CurrencyConverterUITests.xctest */ = {isa = PBXFileReference; explicitFileType = wrapper.cfbundle; includeInIndex = 0; path = CurrencyConverterUITests.xctest; sourceTree = BUILT_PRODUCTS_DIR; };
		DCA4B5B22615D202004E6B37 /* CurrencyConverterUITests.swift */ = {isa = PBXFileReference; lastKnownFileType = sourcecode.swift; path = CurrencyConverterUITests.swift; sourceTree = "<group>"; };
		DCA4B5B42615D202004E6B37 /* Info.plist */ = {isa = PBXFileReference; lastKnownFileType = text.plist.xml; path = Info.plist; sourceTree = "<group>"; };
/* End PBXFileReference section */

/* Begin PBXFrameworksBuildPhase section */
		DCA4B5872615D1FF004E6B37 /* Frameworks */ = {
			isa = PBXFrameworksBuildPhase;
			buildActionMask = 2147483647;
			files = (
			);
			runOnlyForDeploymentPostprocessing = 0;
		};
		DCA4B5A02615D202004E6B37 /* Frameworks */ = {
			isa = PBXFrameworksBuildPhase;
			buildActionMask = 2147483647;
			files = (
			);
			runOnlyForDeploymentPostprocessing = 0;
		};
		DCA4B5AB2615D202004E6B37 /* Frameworks */ = {
			isa = PBXFrameworksBuildPhase;
			buildActionMask = 2147483647;
			files = (
			);
			runOnlyForDeploymentPostprocessing = 0;
		};
/* End PBXFrameworksBuildPhase section */

/* Begin PBXGroup section */
		DCA4B5812615D1FF004E6B37 = {
			isa = PBXGroup;
			children = (
				DCA4B58C2615D1FF004E6B37 /* CurrencyConverter */,
				DCA4B5A62615D202004E6B37 /* CurrencyConverterTests */,
				DCA4B5B12615D202004E6B37 /* CurrencyConverterUITests */,
				DCA4B58B2615D1FF004E6B37 /* Products */,
			);
			sourceTree = "<group>";
		};
		DCA4B58B2615D1FF004E6B37 /* Products */ = {
			isa = PBXGroup;
			children = (
				DCA4B58A2615D1FF004E6B37 /* CurrencyConverter.app */,
				DCA4B5A32615D202004E6B37 /* CurrencyConverterTests.xctest */,
				DCA4B5AE2615D202004E6B37 /* CurrencyConverterUITests.xctest */,
			);
			name = Products;
			sourceTree = "<group>";
		};
		DCA4B58C2615D1FF004E6B37 /* CurrencyConverter */ = {
			isa = PBXGroup;
			children = (
				DCA4B58D2615D1FF004E6B37 /* AppDelegate.swift */,
				DCA4B58F2615D1FF004E6B37 /* SceneDelegate.swift */,
				DCA4B5912615D1FF004E6B37 /* ViewController.swift */,
				DCA4B5932615D1FF004E6B37 /* Main.storyboard */,
				DCA4B5992615D202004E6B37 /* Assets.xcassets */,
				DCA4B59B2615D202004E6B37 /* LaunchScreen.storyboard */,
				DCA4B59E2615D202004E6B37 /* Info.plist */,
				DCA4B5962615D1FF004E6B37 /* CurrencyConverter.xcdatamodeld */,
			);
			path = CurrencyConverter;
			sourceTree = "<group>";
		};
		DCA4B5A62615D202004E6B37 /* CurrencyConverterTests */ = {
			isa = PBXGroup;
			children = (
				DCA4B5A72615D202004E6B37 /* CurrencyConverterTests.swift */,
				DCA4B5A92615D202004E6B37 /* Info.plist */,
			);
			path = CurrencyConverterTests;
			sourceTree = "<group>";
		};
		DCA4B5B12615D202004E6B37 /* CurrencyConverterUITests */ = {
			isa = PBXGroup;
			children = (
				DCA4B5B22615D202004E6B37 /* CurrencyConverterUITests.swift */,
				DCA4B5B42615D202004E6B37 /* Info.plist */,
			);
			path = CurrencyConverterUITests;
			sourceTree = "<group>";
		};
/* End PBXGroup section */

/* Begin PBXNativeTarget section */
		DCA4B5892615D1FF004E6B37 /* CurrencyConverter */ = {
			isa = PBXNativeTarget;
			buildConfigurationList = DCA4B5B72615D202004E6B37 /* Build configuration list for PBXNativeTarget "CurrencyConverter" */;
			buildPhases = (
				DCA4B5862615D1FF004E6B37 /* Sources */,
				DCA4B5872615D1FF004E6B37 /* Frameworks */,
				DCA4B5882615D1FF004E6B37 /* Resources */,
			);
			buildRules = (
			);
			dependencies = (
			);
			name = CurrencyConverter;
			productName = CurrencyConverter;
			productReference = DCA4B58A2615D1FF004E6B37 /* CurrencyConverter.app */;
			productType = "com.apple.product-type.application";
		};
		DCA4B5A22615D202004E6B37 /* CurrencyConverterTests */ = {
			isa = PBXNativeTarget;
			buildConfigurationList = DCA4B5BA2615D202004E6B37 /* Build configuration list for PBXNativeTarget "CurrencyConverterTests" */;
			buildPhases = (
				DCA4B59F2615D202004E6B37 /* Sources */,
				DCA4B5A02615D202004E6B37 /* Frameworks */,
				DCA4B5A12615D202004E6B37 /* Resources */,
			);
			buildRules = (
			);
			dependencies = (
				DCA4B5A52615D202004E6B37 /* PBXTargetDependency */,
			);
			name = CurrencyConverterTests;
			productName = CurrencyConverterTests;
			productReference = DCA4B5A32615D202004E6B37 /* CurrencyConverterTests.xctest */;
			productType = "com.apple.product-type.bundle.unit-test";
		};
		DCA4B5AD2615D202004E6B37 /* CurrencyConverterUITests */ = {
			isa = PBXNativeTarget;
			buildConfigurationList = DCA4B5BD2615D202004E6B37 /* Build configuration list for PBXNativeTarget "CurrencyConverterUITests" */;
			buildPhases = (
				DCA4B5AA2615D202004E6B37 /* Sources */,
				DCA4B5AB2615D202004E6B37 /* Frameworks */,
				DCA4B5AC2615D202004E6B37 /* Resources */,
			);
			buildRules = (
			);
			dependencies = (
				DCA4B5B02615D202004E6B37 /* PBXTargetDependency */,
			);
			name = CurrencyConverterUITests;
			productName = CurrencyConverterUITests;
			productReference = DCA4B5AE2615D202004E6B37 /* CurrencyConverterUITests.xctest */;
			productType = "com.apple.product-type.bundle.ui-testing";
		};
/* End PBXNativeTarget section */

/* Begin PBXProject section */
		DCA4B5822615D1FF004E6B37 /* Project object */ = {
			isa = PBXProject;
			attributes = {
				LastSwiftUpdateCheck = 1240;
				LastUpgradeCheck = 1240;
				TargetAttributes = {
					DCA4B5892615D1FF004E6B37 = {
						CreatedOnToolsVersion = 12.4;
					};
					DCA4B5A22615D202004E6B37 = {
						CreatedOnToolsVersion = 12.4;
						TestTargetID = DCA4B5892615D1FF004E6B37;
					};
					DCA4B5AD2615D202004E6B37 = {
						CreatedOnToolsVersion = 12.4;
						TestTargetID = DCA4B5892615D1FF004E6B37;
					};
				};
			};
			buildConfigurationList = DCA4B5852615D1FF004E6B37 /* Build configuration list for PBXProject "CurrencyConverter" */;
			compatibilityVersion = "Xcode 9.3";
			developmentRegion = en;
			hasScannedForEncodings = 0;
			knownRegions = (
				en,
				Base,
			);
			mainGroup = DCA4B5812615D1FF004E6B37;
			productRefGroup = DCA4B58B2615D1FF004E6B37 /* Products */;
			projectDirPath = "";
			projectRoot = "";
			targets = (
				DCA4B5892615D1FF004E6B37 /* CurrencyConverter */,
				DCA4B5A22615D202004E6B37 /* CurrencyConverterTests */,
				DCA4B5AD2615D202004E6B37 /* CurrencyConverterUITests */,
			);
		};
/* End PBXProject section */

/* Begin PBXResourcesBuildPhase section */
		DCA4B5882615D1FF004E6B37 /* Resources */ = {
			isa = PBXResourcesBuildPhase;
			buildActionMask = 2147483647;
			files = (
				DCA4B59D2615D202004E6B37 /* LaunchScreen.storyboard in Resources */,
				DCA4B59A2615D202004E6B37 /* Assets.xcassets in Resources */,
				DCA4B5952615D1FF004E6B37 /* Main.storyboard in Resources */,
			);
			runOnlyForDeploymentPostprocessing = 0;
		};
		DCA4B5A12615D202004E6B37 /* Resources */ = {
			isa = PBXResourcesBuildPhase;
			buildActionMask = 2147483647;
			files = (
			);
			runOnlyForDeploymentPostprocessing = 0;
		};
		DCA4B5AC2615D202004E6B37 /* Resources */ = {
			isa = PBXResourcesBuildPhase;
			buildActionMask = 2147483647;
			files = (
			);
			runOnlyForDeploymentPostprocessing = 0;
		};
/* End PBXResourcesBuildPhase section */

/* Begin PBXSourcesBuildPhase section */
		DCA4B5862615D1FF004E6B37 /* Sources */ = {
			isa = PBXSourcesBuildPhase;
			buildActionMask = 2147483647;
			files = (
				DCA4B5922615D1FF004E6B37 /* ViewController.swift in Sources */,
				DCA4B5982615D1FF004E6B37 /* CurrencyConverter.xcdatamodeld in Sources */,
				DCA4B58E2615D1FF004E6B37 /* AppDelegate.swift in Sources */,
				DCA4B5902615D1FF004E6B37 /* SceneDelegate.swift in Sources */,
			);
			runOnlyForDeploymentPostprocessing = 0;
		};
		DCA4B59F2615D202004E6B37 /* Sources */ = {
			isa = PBXSourcesBuildPhase;
			buildActionMask = 2147483647;
			files = (
				DCA4B5A82615D202004E6B37 /* CurrencyConverterTests.swift in Sources */,
			);
			runOnlyForDeploymentPostprocessing = 0;
		};
		DCA4B5AA2615D202004E6B37 /* Sources */ = {
			isa = PBXSourcesBuildPhase;
			buildActionMask = 2147483647;
			files = (
				DCA4B5B32615D202004E6B37 /* CurrencyConverterUITests.swift in Sources */,
			);
			runOnlyForDeploymentPostprocessing = 0;
		};
/* End PBXSourcesBuildPhase section */

/* Begin PBXTargetDependency section */
		DCA4B5A52615D202004E6B37 /* PBXTargetDependency */ = {
			isa = PBXTargetDependency;
			target = DCA4B5892615D1FF004E6B37 /* CurrencyConverter */;
			targetProxy = DCA4B5A42615D202004E6B37 /* PBXContainerItemProxy */;
		};
		DCA4B5B02615D202004E6B37 /* PBXTargetDependency */ = {
			isa = PBXTargetDependency;
			target = DCA4B5892615D1FF004E6B37 /* CurrencyConverter */;
			targetProxy = DCA4B5AF2615D202004E6B37 /* PBXContainerItemProxy */;
		};
/* End PBXTargetDependency section */

/* Begin PBXVariantGroup section */
		DCA4B5932615D1FF004E6B37 /* Main.storyboard */ = {
			isa = PBXVariantGroup;
			children = (
				DCA4B5942615D1FF004E6B37 /* Base */,
			);
			name = Main.storyboard;
			sourceTree = "<group>";
		};
		DCA4B59B2615D202004E6B37 /* LaunchScreen.storyboard */ = {
			isa = PBXVariantGroup;
			children = (
				DCA4B59C2615D202004E6B37 /* Base */,
			);
			name = LaunchScreen.storyboard;
			sourceTree = "<group>";
		};
/* End PBXVariantGroup section */

/* Begin XCBuildConfiguration section */
		DCA4B5B52615D202004E6B37 /* Debug */ = {
			isa = XCBuildConfiguration;
			buildSettings = {
				ALWAYS_SEARCH_USER_PATHS = NO;
				CLANG_ANALYZER_NONNULL = YES;
				CLANG_ANALYZER_NUMBER_OBJECT_CONVERSION = YES_AGGRESSIVE;
				CLANG_CXX_LANGUAGE_STANDARD = "gnu++14";
				CLANG_CXX_LIBRARY = "libc++";
				CLANG_ENABLE_MODULES = YES;
				CLANG_ENABLE_OBJC_ARC = YES;
				CLANG_ENABLE_OBJC_WEAK = YES;
				CLANG_WARN_BLOCK_CAPTURE_AUTORELEASING = YES;
				CLANG_WARN_BOOL_CONVERSION = YES;
				CLANG_WARN_COMMA = YES;
				CLANG_WARN_CONSTANT_CONVERSION = YES;
				CLANG_WARN_DEPRECATED_OBJC_IMPLEMENTATIONS = YES;
				CLANG_WARN_DIRECT_OBJC_ISA_USAGE = YES_ERROR;
				CLANG_WARN_DOCUMENTATION_COMMENTS = YES;
				CLANG_WARN_EMPTY_BODY = YES;
				CLANG_WARN_ENUM_CONVERSION = YES;
				CLANG_WARN_INFINITE_RECURSION = YES;
				CLANG_WARN_INT_CONVERSION = YES;
				CLANG_WARN_NON_LITERAL_NULL_CONVERSION = YES;
				CLANG_WARN_OBJC_IMPLICIT_RETAIN_SELF = YES;
				CLANG_WARN_OBJC_LITERAL_CONVERSION = YES;
				CLANG_WARN_OBJC_ROOT_CLASS = YES_ERROR;
				CLANG_WARN_QUOTED_INCLUDE_IN_FRAMEWORK_HEADER = YES;
				CLANG_WARN_RANGE_LOOP_ANALYSIS = YES;
				CLANG_WARN_STRICT_PROTOTYPES = YES;
				CLANG_WARN_SUSPICIOUS_MOVE = YES;
				CLANG_WARN_UNGUARDED_AVAILABILITY = YES_AGGRESSIVE;
				CLANG_WARN_UNREACHABLE_CODE = YES;
				CLANG_WARN__DUPLICATE_METHOD_MATCH = YES;
				COPY_PHASE_STRIP = NO;
				DEBUG_INFORMATION_FORMAT = dwarf;
				ENABLE_STRICT_OBJC_MSGSEND = YES;
				ENABLE_TESTABILITY = YES;
				GCC_C_LANGUAGE_STANDARD = gnu11;
				GCC_DYNAMIC_NO_PIC = NO;
				GCC_NO_COMMON_BLOCKS = YES;
				GCC_OPTIMIZATION_LEVEL = 0;
				GCC_PREPROCESSOR_DEFINITIONS = (
					"DEBUG=1",
					"$(inherited)",
				);
				GCC_WARN_64_TO_32_BIT_CONVERSION = YES;
				GCC_WARN_ABOUT_RETURN_TYPE = YES_ERROR;
				GCC_WARN_UNDECLARED_SELECTOR = YES;
				GCC_WARN_UNINITIALIZED_AUTOS = YES_AGGRESSIVE;
				GCC_WARN_UNUSED_FUNCTION = YES;
				GCC_WARN_UNUSED_VARIABLE = YES;
				IPHONEOS_DEPLOYMENT_TARGET = 14.4;
				MTL_ENABLE_DEBUG_INFO = INCLUDE_SOURCE;
				MTL_FAST_MATH = YES;
				ONLY_ACTIVE_ARCH = YES;
				SDKROOT = iphoneos;
				SWIFT_ACTIVE_COMPILATION_CONDITIONS = DEBUG;
				SWIFT_OPTIMIZATION_LEVEL = "-Onone";
			};
			name = Debug;
		};
		DCA4B5B62615D202004E6B37 /* Release */ = {
			isa = XCBuildConfiguration;
			buildSettings = {
				ALWAYS_SEARCH_USER_PATHS = NO;
				CLANG_ANALYZER_NONNULL = YES;
				CLANG_ANALYZER_NUMBER_OBJECT_CONVERSION = YES_AGGRESSIVE;
				CLANG_CXX_LANGUAGE_STANDARD = "gnu++14";
				CLANG_CXX_LIBRARY = "libc++";
				CLANG_ENABLE_MODULES = YES;
				CLANG_ENABLE_OBJC_ARC = YES;
				CLANG_ENABLE_OBJC_WEAK = YES;
				CLANG_WARN_BLOCK_CAPTURE_AUTORELEASING = YES;
				CLANG_WARN_BOOL_CONVERSION = YES;
				CLANG_WARN_COMMA = YES;
				CLANG_WARN_CONSTANT_CONVERSION = YES;
				CLANG_WARN_DEPRECATED_OBJC_IMPLEMENTATIONS = YES;
				CLANG_WARN_DIRECT_OBJC_ISA_USAGE = YES_ERROR;
				CLANG_WARN_DOCUMENTATION_COMMENTS = YES;
				CLANG_WARN_EMPTY_BODY = YES;
				CLANG_WARN_ENUM_CONVERSION = YES;
				CLANG_WARN_INFINITE_RECURSION = YES;
				CLANG_WARN_INT_CONVERSION = YES;
				CLANG_WARN_NON_LITERAL_NULL_CONVERSION = YES;
				CLANG_WARN_OBJC_IMPLICIT_RETAIN_SELF = YES;
				CLANG_WARN_OBJC_LITERAL_CONVERSION = YES;
				CLANG_WARN_OBJC_ROOT_CLASS = YES_ERROR;
				CLANG_WARN_QUOTED_INCLUDE_IN_FRAMEWORK_HEADER = YES;
				CLANG_WARN_RANGE_LOOP_ANALYSIS = YES;
				CLANG_WARN_STRICT_PROTOTYPES = YES;
				CLANG_WARN_SUSPICIOUS_MOVE = YES;
				CLANG_WARN_UNGUARDED_AVAILABILITY = YES_AGGRESSIVE;
				CLANG_WARN_UNREACHABLE_CODE = YES;
				CLANG_WARN__DUPLICATE_METHOD_MATCH = YES;
				COPY_PHASE_STRIP = NO;
				DEBUG_INFORMATION_FORMAT = "dwarf-with-dsym";
				ENABLE_NS_ASSERTIONS = NO;
				ENABLE_STRICT_OBJC_MSGSEND = YES;
				GCC_C_LANGUAGE_STANDARD = gnu11;
				GCC_NO_COMMON_BLOCKS = YES;
				GCC_WARN_64_TO_32_BIT_CONVERSION = YES;
				GCC_WARN_ABOUT_RETURN_TYPE = YES_ERROR;
				GCC_WARN_UNDECLARED_SELECTOR = YES;
				GCC_WARN_UNINITIALIZED_AUTOS = YES_AGGRESSIVE;
				GCC_WARN_UNUSED_FUNCTION = YES;
				GCC_WARN_UNUSED_VARIABLE = YES;
				IPHONEOS_DEPLOYMENT_TARGET = 14.4;
				MTL_ENABLE_DEBUG_INFO = NO;
				MTL_FAST_MATH = YES;
				SDKROOT = iphoneos;
				SWIFT_COMPILATION_MODE = wholemodule;
				SWIFT_OPTIMIZATION_LEVEL = "-O";
				VALIDATE_PRODUCT = YES;
			};
			name = Release;
		};
		DCA4B5B82615D202004E6B37 /* Debug */ = {
			isa = XCBuildConfiguration;
			buildSettings = {
				ASSETCATALOG_COMPILER_APPICON_NAME = AppIcon;
				ASSETCATALOG_COMPILER_GLOBAL_ACCENT_COLOR_NAME = AccentColor;
				CODE_SIGN_STYLE = Automatic;
				DEVELOPMENT_TEAM = PV9L5U4PY3;
				INFOPLIST_FILE = CurrencyConverter/Info.plist;
				LD_RUNPATH_SEARCH_PATHS = (
					"$(inherited)",
					"@executable_path/Frameworks",
				);
				PRODUCT_BUNDLE_IDENTIFIER = com.erdogan.CurrencyConverter;
				PRODUCT_NAME = "$(TARGET_NAME)";
				SWIFT_VERSION = 5.0;
				TARGETED_DEVICE_FAMILY = "1,2";
			};
			name = Debug;
		};
		DCA4B5B92615D202004E6B37 /* Release */ = {
			isa = XCBuildConfiguration;
			buildSettings = {
				ASSETCATALOG_COMPILER_APPICON_NAME = AppIcon;
				ASSETCATALOG_COMPILER_GLOBAL_ACCENT_COLOR_NAME = AccentColor;
				CODE_SIGN_STYLE = Automatic;
				DEVELOPMENT_TEAM = PV9L5U4PY3;
				INFOPLIST_FILE = CurrencyConverter/Info.plist;
				LD_RUNPATH_SEARCH_PATHS = (
					"$(inherited)",
					"@executable_path/Frameworks",
				);
				PRODUCT_BUNDLE_IDENTIFIER = com.erdogan.CurrencyConverter;
				PRODUCT_NAME = "$(TARGET_NAME)";
				SWIFT_VERSION = 5.0;
				TARGETED_DEVICE_FAMILY = "1,2";
			};
			name = Release;
		};
		DCA4B5BB2615D202004E6B37 /* Debug */ = {
			isa = XCBuildConfiguration;
			buildSettings = {
				ALWAYS_EMBED_SWIFT_STANDARD_LIBRARIES = YES;
				BUNDLE_LOADER = "$(TEST_HOST)";
				CODE_SIGN_STYLE = Automatic;
				DEVELOPMENT_TEAM = PV9L5U4PY3;
				INFOPLIST_FILE = CurrencyConverterTests/Info.plist;
				IPHONEOS_DEPLOYMENT_TARGET = 14.4;
				LD_RUNPATH_SEARCH_PATHS = (
					"$(inherited)",
					"@executable_path/Frameworks",
					"@loader_path/Frameworks",
				);
				PRODUCT_BUNDLE_IDENTIFIER = com.erdogan.CurrencyConverterTests;
				PRODUCT_NAME = "$(TARGET_NAME)";
				SWIFT_VERSION = 5.0;
				TARGETED_DEVICE_FAMILY = "1,2";
				TEST_HOST = "$(BUILT_PRODUCTS_DIR)/CurrencyConverter.app/CurrencyConverter";
			};
			name = Debug;
		};
		DCA4B5BC2615D202004E6B37 /* Release */ = {
			isa = XCBuildConfiguration;
			buildSettings = {
				ALWAYS_EMBED_SWIFT_STANDARD_LIBRARIES = YES;
				BUNDLE_LOADER = "$(TEST_HOST)";
				CODE_SIGN_STYLE = Automatic;
				DEVELOPMENT_TEAM = PV9L5U4PY3;
				INFOPLIST_FILE = CurrencyConverterTests/Info.plist;
				IPHONEOS_DEPLOYMENT_TARGET = 14.4;
				LD_RUNPATH_SEARCH_PATHS = (
					"$(inherited)",
					"@executable_path/Frameworks",
					"@loader_path/Frameworks",
				);
				PRODUCT_BUNDLE_IDENTIFIER = com.erdogan.CurrencyConverterTests;
				PRODUCT_NAME = "$(TARGET_NAME)";
				SWIFT_VERSION = 5.0;
				TARGETED_DEVICE_FAMILY = "1,2";
				TEST_HOST = "$(BUILT_PRODUCTS_DIR)/CurrencyConverter.app/CurrencyConverter";
			};
			name = Release;
		};
		DCA4B5BE2615D202004E6B37 /* Debug */ = {
			isa = XCBuildConfiguration;
			buildSettings = {
				ALWAYS_EMBED_SWIFT_STANDARD_LIBRARIES = YES;
				CODE_SIGN_STYLE = Automatic;
				DEVELOPMENT_TEAM = PV9L5U4PY3;
				INFOPLIST_FILE = CurrencyConverterUITests/Info.plist;
				LD_RUNPATH_SEARCH_PATHS = (
					"$(inherited)",
					"@executable_path/Frameworks",
					"@loader_path/Frameworks",
				);
				PRODUCT_BUNDLE_IDENTIFIER = com.erdogan.CurrencyConverterUITests;
				PRODUCT_NAME = "$(TARGET_NAME)";
				SWIFT_VERSION = 5.0;
				TARGETED_DEVICE_FAMILY = "1,2";
				TEST_TARGET_NAME = CurrencyConverter;
			};
			name = Debug;
		};
		DCA4B5BF2615D202004E6B37 /* Release */ = {
			isa = XCBuildConfiguration;
			buildSettings = {
				ALWAYS_EMBED_SWIFT_STANDARD_LIBRARIES = YES;
				CODE_SIGN_STYLE = Automatic;
				DEVELOPMENT_TEAM = PV9L5U4PY3;
				INFOPLIST_FILE = CurrencyConverterUITests/Info.plist;
				LD_RUNPATH_SEARCH_PATHS = (
					"$(inherited)",
					"@executable_path/Frameworks",
					"@loader_path/Frameworks",
				);
				PRODUCT_BUNDLE_IDENTIFIER = com.erdogan.CurrencyConverterUITests;
				PRODUCT_NAME = "$(TARGET_NAME)";
				SWIFT_VERSION = 5.0;
				TARGETED_DEVICE_FAMILY = "1,2";
				TEST_TARGET_NAME = CurrencyConverter;
			};
			name = Release;
		};
/* End XCBuildConfiguration section */

/* Begin XCConfigurationList section */
		DCA4B5852615D1FF004E6B37 /* Build configuration list for PBXProject "CurrencyConverter" */ = {
			isa = XCConfigurationList;
			buildConfigurations = (
				DCA4B5B52615D202004E6B37 /* Debug */,
				DCA4B5B62615D202004E6B37 /* Release */,
			);
			defaultConfigurationIsVisible = 0;
			defaultConfigurationName = Release;
		};
		DCA4B5B72615D202004E6B37 /* Build configuration list for PBXNativeTarget "CurrencyConverter" */ = {
			isa = XCConfigurationList;
			buildConfigurations = (
				DCA4B5B82615D202004E6B37 /* Debug */,
				DCA4B5B92615D202004E6B37 /* Release */,
			);
			defaultConfigurationIsVisible = 0;
			defaultConfigurationName = Release;
		};
		DCA4B5BA2615D202004E6B37 /* Build configuration list for PBXNativeTarget "CurrencyConverterTests" */ = {
			isa = XCConfigurationList;
			buildConfigurations = (
				DCA4B5BB2615D202004E6B37 /* Debug */,
				DCA4B5BC2615D202004E6B37 /* Release */,
			);
			defaultConfigurationIsVisible = 0;
			defaultConfigurationName = Release;
		};
		DCA4B5BD2615D202004E6B37 /* Build configuration list for PBXNativeTarget "CurrencyConverterUITests" */ = {
			isa = XCConfigurationList;
			buildConfigurations = (
				DCA4B5BE2615D202004E6B37 /* Debug */,
				DCA4B5BF2615D202004E6B37 /* Release */,
			);
			defaultConfigurationIsVisible = 0;
			defaultConfigurationName = Release;
		};
/* End XCConfigurationList section */

/* Begin XCVersionGroup section */
		DCA4B5962615D1FF004E6B37 /* CurrencyConverter.xcdatamodeld */ = {
			isa = XCVersionGroup;
			children = (
				DCA4B5972615D1FF004E6B37 /* CurrencyConverter.xcdatamodel */,
			);
			currentVersion = DCA4B5972615D1FF004E6B37 /* CurrencyConverter.xcdatamodel */;
			path = CurrencyConverter.xcdatamodeld;
			sourceTree = "<group>";
			versionGroupType = wrapper.xcdatamodel;
		};
/* End XCVersionGroup section */
	};
	rootObject = DCA4B5822615D1FF004E6B37 /* Project object */;
}
